
Microsoft Visual Studio Solution File, Format Version 12.00
# Visual Studio Version 17
VisualStudioVersion = 17.9.34616.47
MinimumVisualStudioVersion = 10.0.40219.1
Project("{00D1A9C2-B5F0-4AF3-8072-F6C62B433612}") = "AdventureWorks", "AdventureWorks\AdventureWorks.sqlproj", "{B3D5A0F5-EBA4-4B38-834F-035A9AF3891A}"
EndProject
Global
	GlobalSection(SolutionConfigurationPlatforms) = preSolution
		Debug|Any CPU = Debug|Any CPU
		Release|Any CPU = Release|Any CPU
	EndGlobalSection
	GlobalSection(ProjectConfigurationPlatforms) = postSolution
		{B3D5A0F5-EBA4-4B38-834F-035A9AF3891A}.Debug|Any CPU.ActiveCfg = Debug|Any CPU
		{B3D5A0F5-EBA4-4B38-834F-035A9AF3891A}.Debug|Any CPU.Build.0 = Debug|Any CPU
		{B3D5A0F5-EBA4-4B38-834F-035A9AF3891A}.Debug|Any CPU.Deploy.0 = Debug|Any CPU
		{B3D5A0F5-EBA4-4B38-834F-035A9AF3891A}.Release|Any CPU.ActiveCfg = Release|Any CPU
		{B3D5A0F5-EBA4-4B38-834F-035A9AF3891A}.Release|Any CPU.Build.0 = Release|Any CPU
		{B3D5A0F5-EBA4-4B38-834F-035A9AF3891A}.Release|Any CPU.Deploy.0 = Release|Any CPU
	EndGlobalSection
	GlobalSection(SolutionProperties) = preSolution
		HideSolutionNode = FALSE
	EndGlobalSection
	GlobalSection(ExtensibilityGlobals) = postSolution
		SolutionGuid = {61FED315-54C5-47EE-837B-31E376773A22}
	EndGlobalSection
EndGlobal
